{
  "nodes": {
    "agenix": {
      "inputs": {
        "darwin": [
          "nix-darwin"
        ],
        "home-manager": [
          "home-manager"
        ],
        "nixpkgs": [
          "nixpkgs"
        ],
        "systems": [
          "systems"
        ]
      },
      "locked": {
        "lastModified": 1718371084,
        "narHash": "sha256-abpBi61mg0g+lFFU0zY4C6oP6fBwPzbHPKBGw676xsA=",
        "owner": "ryantm",
        "repo": "agenix",
        "rev": "3a56735779db467538fb2e577eda28a9daacaca6",
        "type": "github"
      },
      "original": {
        "owner": "ryantm",
        "repo": "agenix",
        "type": "github"
      }
    },
    "disko": {
      "inputs": {
        "nixpkgs": [
          "nixpkgs"
        ]
      },
      "locked": {
        "lastModified": 1718846788,
        "narHash": "sha256-9dtXYtEkmXoUJV+PGLqscqF7qTn4AIhAKpFWRFU2NYs=",
        "owner": "nix-community",
        "repo": "disko",
        "rev": "e1174d991944a01eaaa04bc59c6281edca4c0e6e",
        "type": "github"
      },
      "original": {
        "owner": "nix-community",
        "repo": "disko",
        "type": "github"
      }
    },
    "firefox-addons": {
      "inputs": {
        "flake-utils": [
          "firefox-addons-overlay",
          "flake-utils"
        ],
        "nixpkgs": [
          "firefox-addons-overlay",
          "nixpkgs"
        ]
      },
      "locked": {
        "dir": "pkgs/firefox-addons",
        "lastModified": 1718997508,
        "narHash": "sha256-JqchXAHNonZ6bcdoTtakrG2FZkcIr/BS3cminkOwNz8=",
        "owner": "rycee",
        "repo": "nur-expressions",
        "rev": "624030a82042d5a32cb081552e0d1776f0d19fca",
        "type": "gitlab"
      },
      "original": {
        "dir": "pkgs/firefox-addons",
        "owner": "rycee",
        "repo": "nur-expressions",
        "type": "gitlab"
      }
    },
    "firefox-addons-overlay": {
      "inputs": {
        "firefox-addons": "firefox-addons",
        "flake-utils": [
          "flake-utils"
        ],
        "nixpkgs": [
          "nixpkgs"
        ]
      },
      "locked": {
        "lastModified": 1,
        "narHash": "sha256-v0X5HzAZK8oQ0zQdRPbTmw35YKS+Z1umxRhnLSWAZxU=",
        "path": "overlays/firefox-addons",
        "type": "path"
      },
      "original": {
        "path": "overlays/firefox-addons",
        "type": "path"
      }
    },
    "flake-compat": {
      "locked": {
        "lastModified": 1717312683,
        "narHash": "sha256-FrlieJH50AuvagamEvWMIE6D2OAnERuDboFDYAED/dE=",
        "owner": "nix-community",
        "repo": "flake-compat",
        "rev": "38fd3954cf65ce6faf3d0d45cd26059e059f07ea",
        "type": "github"
      },
      "original": {
        "owner": "nix-community",
        "repo": "flake-compat",
        "type": "github"
      }
    },
    "flake-parts": {
      "inputs": {
        "nixpkgs-lib": "nixpkgs-lib"
      },
      "locked": {
        "lastModified": 1717285511,
        "narHash": "sha256-iKzJcpdXih14qYVcZ9QC9XuZYnPc6T8YImb6dX166kw=",
        "owner": "hercules-ci",
        "repo": "flake-parts",
        "rev": "2a55567fcf15b1b1c7ed712a2c6fadaec7412ea8",
        "type": "github"
      },
      "original": {
        "owner": "hercules-ci",
        "repo": "flake-parts",
        "type": "github"
      }
    },
    "flake-utils": {
      "inputs": {
        "systems": [
          "systems"
        ]
      },
      "locked": {
        "lastModified": 1710146030,
        "narHash": "sha256-SZ5L6eA7HJ/nmkzGG7/ISclqe6oZdOZTNoesiInkXPQ=",
        "owner": "numtide",
        "repo": "flake-utils",
        "rev": "b1d9ab70662946ef0850d488da1c9019f3a9752a",
        "type": "github"
      },
      "original": {
        "owner": "numtide",
        "repo": "flake-utils",
        "type": "github"
      }
    },
    "flake-utils-plus": {
      "inputs": {
        "flake-utils": [
          "flake-utils"
        ]
      },
      "locked": {
        "lastModified": 1715533576,
        "narHash": "sha256-fT4ppWeCJ0uR300EH3i7kmgRZnAVxrH+XtK09jQWihk=",
        "owner": "gytis-ivaskevicius",
        "repo": "flake-utils-plus",
        "rev": "3542fe9126dc492e53ddd252bb0260fe035f2c0f",
        "type": "github"
      },
      "original": {
        "owner": "gytis-ivaskevicius",
        "repo": "flake-utils-plus",
        "type": "github"
      }
    },
    "git-hooks": {
      "inputs": {
        "flake-compat": [
          "flake-compat"
        ],
        "gitignore": "gitignore",
        "nixpkgs": [
          "nixpkgs"
        ],
        "nixpkgs-stable": [
          "nixpkgs"
        ]
      },
      "locked": {
        "lastModified": 1724857454,
        "narHash": "sha256-Qyl9Q4QMTLZnnBb/8OuQ9LSkzWjBU1T5l5zIzTxkkhk=",
        "owner": "cachix",
        "repo": "git-hooks.nix",
        "rev": "4509ca64f1084e73bc7a721b20c669a8d4c5ebe6",
        "type": "github"
      },
      "original": {
        "owner": "cachix",
        "repo": "git-hooks.nix",
        "type": "github"
      }
    },
    "gitignore": {
      "inputs": {
        "nixpkgs": [
          "git-hooks",
          "nixpkgs"
        ]
      },
      "locked": {
        "lastModified": 1709087332,
        "narHash": "sha256-HG2cCnktfHsKV0s4XW83gU3F57gaTljL9KNSuG6bnQs=",
        "owner": "hercules-ci",
        "repo": "gitignore.nix",
        "rev": "637db329424fd7e46cf4185293b9cc8c88c95394",
        "type": "github"
      },
      "original": {
        "owner": "hercules-ci",
        "repo": "gitignore.nix",
        "type": "github"
      }
    },
    "home-manager": {
      "inputs": {
        "nixpkgs": [
          "nixpkgs"
        ]
      },
      "locked": {
        "lastModified": 1718983978,
        "narHash": "sha256-lp6stESwTLBZUQ5GBivxwNehShmBp4jqeX/1xahM61w=",
        "owner": "nix-community",
        "repo": "home-manager",
        "rev": "c559542f0aa87971a7f4c1b3478fe33cc904b902",
        "type": "github"
      },
      "original": {
        "owner": "nix-community",
        "repo": "home-manager",
        "type": "github"
      }
    },
    "impermanence": {
      "locked": {
        "lastModified": 1724489415,
        "narHash": "sha256-ey8vhwY/6XCKoh7fyTn3aIQs7WeYSYtLbYEG87VCzX4=",
        "owner": "nix-community",
        "repo": "impermanence",
        "rev": "c7f5b394397398c023000cf843986ee2571a1fd7",
        "type": "github"
      },
      "original": {
        "owner": "nix-community",
        "repo": "impermanence",
        "type": "github"
      }
    },
    "libgit2": {
      "flake": false,
      "locked": {
        "lastModified": 1715853528,
        "narHash": "sha256-J2rCxTecyLbbDdsyBWn9w7r3pbKRMkI9E7RvRgAqBdY=",
        "owner": "libgit2",
        "repo": "libgit2",
        "rev": "36f7e21ad757a3dacc58cf7944329da6bc1d6e96",
        "type": "github"
      },
      "original": {
        "owner": "libgit2",
        "ref": "v1.8.1",
        "repo": "libgit2",
        "type": "github"
      }
    },
    "nix": {
      "inputs": {
        "flake-compat": [
          "nix-overlay",
          "flake-compat"
        ],
        "flake-parts": [
          "nix-overlay",
          "flake-parts"
        ],
        "git-hooks-nix": [
          "nix-overlay",
          "git-hooks"
        ],
        "libgit2": "libgit2",
        "nixpkgs": [
          "nix-overlay",
          "nixpkgs"
        ],
        "nixpkgs-23-11": [
          "nix-overlay",
          "empty"
        ],
        "nixpkgs-regression": [
          "nix-overlay",
          "empty"
        ]
      },
      "locked": {
        "lastModified": 1723122168,
        "narHash": "sha256-ne4/57E2hOeBIc4yIJkm5JDIPtAaRvkDPkKj7pJ5fhg=",
        "owner": "NixOS",
        "repo": "nix",
        "rev": "4036c3aafb7a6c4c625e68cc14acf6b529be2cb2",
        "type": "github"
      },
      "original": {
        "owner": "NixOS",
        "repo": "nix",
        "type": "github"
      }
    },
    "nix-darwin": {
      "inputs": {
        "nixpkgs": [
          "nixpkgs"
        ]
      },
      "locked": {
        "lastModified": 1725189302,
        "narHash": "sha256-IhXok/kwQqtusPsoguQLCHA+h6gKvgdCrkhIaN+kByA=",
        "owner": "LnL7",
        "repo": "nix-darwin",
        "rev": "7c4b53a7d9f3a3df902b3fddf2ae245ef20ebcda",
        "type": "github"
      },
      "original": {
        "owner": "LnL7",
        "repo": "nix-darwin",
        "type": "github"
      }
    },
    "nix-overlay": {
      "inputs": {
        "empty": [],
        "flake-compat": [
          "flake-compat"
        ],
        "flake-parts": [
          "flake-parts"
        ],
        "flake-utils": [
          "flake-utils"
        ],
        "git-hooks": [
          "git-hooks"
        ],
        "nix": "nix",
        "nixpkgs": [
          "nixpkgs"
        ]
      },
      "locked": {
        "lastModified": 1,
        "narHash": "sha256-GQi2Zqvsm80KrZEsq+zb2lt+eHRFTZt8aPXzOiCWLPI=",
        "path": "overlays/nix",
        "type": "path"
      },
      "original": {
        "path": "overlays/nix",
        "type": "path"
      }
    },
    "nixos-anywhere": {
      "inputs": {
        "disko": [
          "disko"
        ],
        "flake-parts": [
          "flake-parts"
        ],
        "nixos-images": "nixos-images",
        "nixos-stable": [],
        "nixpkgs": [
          "nixpkgs"
        ],
        "treefmt-nix": "treefmt-nix"
      },
      "locked": {
        "lastModified": 1724946226,
        "narHash": "sha256-bmF7QHy1tBE0Y2y/Y2iPOS6qKJGhmZ0367/WGldUX7E=",
        "owner": "Enzime",
        "repo": "nixos-anywhere",
        "rev": "9531b59f01d6f48a9ebf81512f2539ad7c313ad1",
        "type": "github"
      },
      "original": {
        "owner": "Enzime",
        "ref": "fix/build-on-remote",
        "repo": "nixos-anywhere",
        "type": "github"
      }
    },
    "nixos-apple-silicon": {
      "inputs": {
        "flake-compat": [
          "flake-compat"
        ],
        "nixpkgs": [
          "nixpkgs"
        ],
        "rust-overlay": "rust-overlay"
      },
      "locked": {
        "lastModified": 1719370037,
        "narHash": "sha256-JnUxMmznv/Gk4mYNUdClirM3vkBAanSu5Yen9MWqjZc=",
        "owner": "Enzime",
        "repo": "nixos-apple-silicon",
        "rev": "88ce93017a0c90d702004aa0a07b55209026a938",
        "type": "github"
      },
      "original": {
        "owner": "Enzime",
        "ref": "refactor/peripheral-firmware",
        "repo": "nixos-apple-silicon",
        "type": "github"
      }
    },
    "nixos-images": {
      "inputs": {
        "nixos-stable": [
          "nixos-anywhere",
          "nixos-stable"
        ],
        "nixos-unstable": [
          "nixos-anywhere",
          "nixpkgs"
        ]
      },
      "locked": {
        "lastModified": 1724028934,
        "narHash": "sha256-2M5dqS7UbAKfrO+1U+P/t5S2QIGbuGIsTNMYJzwB17g=",
        "owner": "nix-community",
        "repo": "nixos-images",
        "rev": "b733f0680a42cc01d6ad53896fb5ca40a66d5e79",
        "type": "github"
      },
      "original": {
        "owner": "nix-community",
        "repo": "nixos-images",
        "type": "github"
      }
    },
    "nixpkgs": {
      "locked": {
        "lastModified": 1718895438,
        "narHash": "sha256-k3JqJrkdoYwE3fHE6xGDY676AYmyh4U2Zw+0Bwe5DLU=",
        "owner": "NixOS",
        "repo": "nixpkgs",
        "rev": "d603719ec6e294f034936c0d0dc06f689d91b6c3",
        "type": "github"
      },
      "original": {
        "owner": "NixOS",
        "ref": "nixos-unstable",
        "repo": "nixpkgs",
        "type": "github"
      }
    },
    "nixpkgs-lib": {
      "locked": {
        "lastModified": 1717284937,
        "narHash": "sha256-lIbdfCsf8LMFloheeE6N31+BMIeixqyQWbSr2vk79EQ=",
        "type": "tarball",
        "url": "https://github.com/NixOS/nixpkgs/archive/eb9ceca17df2ea50a250b6b27f7bf6ab0186f198.tar.gz"
      },
      "original": {
        "type": "tarball",
        "url": "https://github.com/NixOS/nixpkgs/archive/eb9ceca17df2ea50a250b6b27f7bf6ab0186f198.tar.gz"
      }
    },
    "root": {
      "inputs": {
        "agenix": "agenix",
        "disko": "disko",
        "firefox-addons-overlay": "firefox-addons-overlay",
        "flake-compat": "flake-compat",
        "flake-parts": "flake-parts",
        "flake-utils": "flake-utils",
        "flake-utils-plus": "flake-utils-plus",
        "git-hooks": "git-hooks",
        "home-manager": "home-manager",
        "impermanence": "impermanence",
        "nix-darwin": "nix-darwin",
        "nix-overlay": "nix-overlay",
        "nixos-anywhere": "nixos-anywhere",
        "nixos-apple-silicon": "nixos-apple-silicon",
        "nixpkgs": "nixpkgs",
        "systems": "systems",
        "terranix": "terranix"
      }
    },
    "rust-overlay": {
      "flake": false,
      "locked": {
        "lastModified": 1686795910,
        "narHash": "sha256-jDa40qRZ0GRQtP9EMZdf+uCbvzuLnJglTUI2JoHfWDc=",
        "owner": "oxalica",
        "repo": "rust-overlay",
        "rev": "5c2b97c0a9bc5217fc3dfb1555aae0fb756d99f9",
        "type": "github"
      },
      "original": {
        "owner": "oxalica",
        "repo": "rust-overlay",
        "type": "github"
      }
    },
    "systems": {
      "flake": false,
      "locked": {
        "lastModified": 1,
        "narHash": "sha256-xDZ2xTkYDYK7WaFIt2eusjm/ytVf5auP4c7YhpZu0ls=",
        "path": "./flake.systems.nix",
        "type": "path"
      },
      "original": {
        "path": "./flake.systems.nix",
        "type": "path"
      }
    },
    "terranix": {
      "inputs": {
        "bats-assert": [],
        "bats-support": [],
        "flake-utils": [
          "flake-utils"
        ],
        "nixpkgs": [
          "nixpkgs"
        ],
        "terranix-examples": []
      },
      "locked": {
        "lastModified": 1695406838,
        "narHash": "sha256-xiUfVD6rtsVWFotVtUW3Q1nQh4obKzgvpN1wqZuGXvM=",
        "owner": "terranix",
        "repo": "terranix",
        "rev": "fc9077ca02ab5681935dbf0ecd725c4d889b9275",
        "type": "github"
      },
      "original": {
        "owner": "terranix",
        "repo": "terranix",
        "type": "github"
      }
    },
    "treefmt-nix": {
      "inputs": {
        "nixpkgs": [
          "nixos-anywhere",
          "nixpkgs"
        ]
      },
      "locked": {
        "lastModified": 1717850719,
        "narHash": "sha256-npYqVg+Wk4oxnWrnVG7416fpfrlRhp/lQ6wQ4DHI8YE=",
        "owner": "numtide",
        "repo": "treefmt-nix",
        "rev": "4fc1c45a5f50169f9f29f6a98a438fb910b834ed",
        "type": "github"
      },
      "original": {
        "owner": "numtide",
        "repo": "treefmt-nix",
        "type": "github"
      }
    }
  },
  "root": "root",
  "version": 7
}
